<?xml version="1.0" encoding="utf-8"?>
<Project ToolsVersion="4.0" xmlns="http://schemas.microsoft.com/developer/msbuild/2003">
  <ItemGroup>
    <Filter Include="Source Files">
      <UniqueIdentifier>{4FC737F1-C7A5-4376-A066-2A32D752A2FF}</UniqueIdentifier>
      <Extensions>cpp;c;cc;cxx;c++;cppm;ixx;def;odl;idl;hpj;bat;asm;asmx</Extensions>
    </Filter>
    <Filter Include="Header Files">
      <UniqueIdentifier>{93995380-89BD-4b04-88EB-625FBE52EBFB}</UniqueIdentifier>
      <Extensions>h;hh;hpp;hxx;h++;hm;inl;inc;ipp;xsd</Extensions>
    </Filter>
    <Filter Include="Resource Files">
      <UniqueIdentifier>{67DA6AB6-F800-4c08-8B7A-83BB121AAD01}</UniqueIdentifier>
      <Extensions>rc;ico;cur;bmp;dlg;rc2;rct;bin;rgs;gif;jpg;jpeg;jpe;resx;tiff;tif;png;wav;mfcribbon-ms</Extensions>
    </Filter>
    <Filter Include="Source Files\gl">
      <UniqueIdentifier>{068e1ffb-c589-401c-b43c-cc3e21a3f8ae}</UniqueIdentifier>
    </Filter>
    <Filter Include="Header Files\test">
      <UniqueIdentifier>{9e9cfd53-fbeb-4f0b-b1bd-5945e2ac3a0a}</UniqueIdentifier>
    </Filter>
    <Filter Include="Header Files\gl">
      <UniqueIdentifier>{137682c5-4963-493f-96e8-8a445f7bfd01}</UniqueIdentifier>
    </Filter>
    <Filter Include="Source Files\test">
      <UniqueIdentifier>{b5a350cb-ac64-4f6b-a1ca-604f6e68b686}</UniqueIdentifier>
    </Filter>
  </ItemGroup>
  <ItemGroup>
    <ClInclude Include="Engine.h">
      <Filter>Header Files</Filter>
    </ClInclude>
    <ClInclude Include="Window.h">
      <Filter>Header Files</Filter>
    </ClInclude>
    <ClInclude Include="Renderer.h">
      <Filter>Header Files</Filter>
    </ClInclude>
    <ClInclude Include="Shader.h">
      <Filter>Header Files</Filter>
    </ClInclude>
    <ClInclude Include="TestEngine.h">
      <Filter>Header Files\test</Filter>
    </ClInclude>
    <ClInclude Include="GL.h">
      <Filter>Header Files\gl</Filter>
    </ClInclude>
    <ClInclude Include="ShaderProgram.h">
      <Filter>Header Files</Filter>
    </ClInclude>
    <ClInclude Include="GraphicsBuffer.h">
      <Filter>Header Files</Filter>
    </ClInclude>
    <ClInclude Include="Mesh.h">
      <Filter>Header Files</Filter>
    </ClInclude>
    <ClInclude Include="SpriteBatch.h">
      <Filter>Header Files</Filter>
    </ClInclude>
    <ClInclude Include="Texture.h">
      <Filter>Header Files</Filter>
    </ClInclude>
  </ItemGroup>
  <ItemGroup>
    <ClCompile Include="Engine.cpp">
      <Filter>Source Files</Filter>
    </ClCompile>
    <ClCompile Include="main.cpp">
      <Filter>Source Files</Filter>
    </ClCompile>
    <ClCompile Include="Window_SDL_GL.cpp">
      <Filter>Source Files\gl</Filter>
    </ClCompile>
    <ClCompile Include="Renderer_GLEW.cpp">
      <Filter>Source Files\gl</Filter>
    </ClCompile>
    <ClCompile Include="Shader_GLEW.cpp">
      <Filter>Source Files\gl</Filter>
    </ClCompile>
    <ClCompile Include="GL.cpp">
      <Filter>Source Files\gl</Filter>
    </ClCompile>
    <ClCompile Include="GraphicsBuffer_GLEW.cpp">
      <Filter>Source Files\gl</Filter>
    </ClCompile>
    <ClCompile Include="TestEngine.cpp">
      <Filter>Source Files\test</Filter>
    </ClCompile>
    <ClCompile Include="Mesh_GLEW.cpp">
      <Filter>Source Files\gl</Filter>
    </ClCompile>
    <ClCompile Include="Mesh.cpp">
      <Filter>Source Files</Filter>
    </ClCompile>
    <ClCompile Include="ShaderProgram_GLEW.cpp">
      <Filter>Source Files\gl</Filter>
    </ClCompile>
    <ClCompile Include="Texture_GLEW.cpp">
      <Filter>Source Files\gl</Filter>
    </ClCompile>
    <ClCompile Include="SpriteBatch.cpp">
      <Filter>Source Files</Filter>
    </ClCompile>
  </ItemGroup>
</Project>